
Microsoft Visual Studio Solution File, Format Version 9.00
# Visual Studio 2005
Project("{8BC9CEB8-8B4A-11D0-8D11-00A0C91BC942}") = "LIPC", "LIPC\LIPC.vcproj", "{571BAF52-7024-42AF-A83B-630AA9BEE986}"
	ProjectSection(ProjectDependencies) = postProject
		{0DD1A94D-D423-40CA-A7AC-4A880F1DA1D8} = {0DD1A94D-D423-40CA-A7AC-4A880F1DA1D8}
		{C0DEE18A-189A-444C-99E2-BCF2FE865792} = {C0DEE18A-189A-444C-99E2-BCF2FE865792}
		{4B4BF2B1-9E2C-4CA9-BFF6-9B013E81D6A7} = {4B4BF2B1-9E2C-4CA9-BFF6-9B013E81D6A7}
	EndProjectSection
EndProject
Project("{8BC9CEB8-8B4A-11D0-8D11-00A0C91BC942}") = "eloop", "..\eloop\eloop.vcproj", "{0DD1A94D-D423-40CA-A7AC-4A880F1DA1D8}"
	ProjectSection(ProjectDependencies) = postProject
		{C0DEE18A-189A-444C-99E2-BCF2FE865792} = {C0DEE18A-189A-444C-99E2-BCF2FE865792}
		{4B4BF2B1-9E2C-4CA9-BFF6-9B013E81D6A7} = {4B4BF2B1-9E2C-4CA9-BFF6-9B013E81D6A7}
	EndProjectSection
EndProject
Project("{8BC9CEB8-8B4A-11D0-8D11-00A0C91BC942}") = "ZQCommonStlp", "..\dll\ZQCommonStlp.vcproj", "{C0DEE18A-189A-444C-99E2-BCF2FE865792}"
EndProject
Project("{8BC9CEB8-8B4A-11D0-8D11-00A0C91BC942}") = "libuv_vs2005", "..\eloop\libuv_1.9.1\libuv_vs2005.vcproj", "{4B4BF2B1-9E2C-4CA9-BFF6-9B013E81D6A7}"
EndProject
Project("{8BC9CEB8-8B4A-11D0-8D11-00A0C91BC942}") = "Test_Service", "LIPC_Test\Test_Service\Test_Service.vcproj", "{AF5BBA70-C7EC-47A9-851C-1D209924804D}"
	ProjectSection(ProjectDependencies) = postProject
		{4B4BF2B1-9E2C-4CA9-BFF6-9B013E81D6A7} = {4B4BF2B1-9E2C-4CA9-BFF6-9B013E81D6A7}
		{C0DEE18A-189A-444C-99E2-BCF2FE865792} = {C0DEE18A-189A-444C-99E2-BCF2FE865792}
		{571BAF52-7024-42AF-A83B-630AA9BEE986} = {571BAF52-7024-42AF-A83B-630AA9BEE986}
		{0DD1A94D-D423-40CA-A7AC-4A880F1DA1D8} = {0DD1A94D-D423-40CA-A7AC-4A880F1DA1D8}
	EndProjectSection
EndProject
Project("{8BC9CEB8-8B4A-11D0-8D11-00A0C91BC942}") = "Test_Client", "LIPC_Test\Test_Client\Test_Client.vcproj", "{DD66D03A-3B08-4B4D-91DD-071433940450}"
	ProjectSection(ProjectDependencies) = postProject
		{0DD1A94D-D423-40CA-A7AC-4A880F1DA1D8} = {0DD1A94D-D423-40CA-A7AC-4A880F1DA1D8}
		{571BAF52-7024-42AF-A83B-630AA9BEE986} = {571BAF52-7024-42AF-A83B-630AA9BEE986}
		{C0DEE18A-189A-444C-99E2-BCF2FE865792} = {C0DEE18A-189A-444C-99E2-BCF2FE865792}
		{4B4BF2B1-9E2C-4CA9-BFF6-9B013E81D6A7} = {4B4BF2B1-9E2C-4CA9-BFF6-9B013E81D6A7}
	EndProjectSection
EndProject
Global
	GlobalSection(SolutionConfigurationPlatforms) = preSolution
		Debug|Win32 = Debug|Win32
		Debug|x64 = Debug|x64
		dummy|Win32 = dummy|Win32
		dummy|x64 = dummy|x64
		Release|Win32 = Release|Win32
		Release|x64 = Release|x64
	EndGlobalSection
	GlobalSection(ProjectConfigurationPlatforms) = postSolution
		{571BAF52-7024-42AF-A83B-630AA9BEE986}.Debug|Win32.ActiveCfg = Debug|Win32
		{571BAF52-7024-42AF-A83B-630AA9BEE986}.Debug|Win32.Build.0 = Debug|Win32
		{571BAF52-7024-42AF-A83B-630AA9BEE986}.Debug|x64.ActiveCfg = Debug|Win32
		{571BAF52-7024-42AF-A83B-630AA9BEE986}.dummy|Win32.ActiveCfg = Debug|Win32
		{571BAF52-7024-42AF-A83B-630AA9BEE986}.dummy|Win32.Build.0 = Debug|Win32
		{571BAF52-7024-42AF-A83B-630AA9BEE986}.dummy|x64.ActiveCfg = Debug|Win32
		{571BAF52-7024-42AF-A83B-630AA9BEE986}.Release|Win32.ActiveCfg = Release|Win32
		{571BAF52-7024-42AF-A83B-630AA9BEE986}.Release|Win32.Build.0 = Release|Win32
		{571BAF52-7024-42AF-A83B-630AA9BEE986}.Release|x64.ActiveCfg = Release|Win32
		{0DD1A94D-D423-40CA-A7AC-4A880F1DA1D8}.Debug|Win32.ActiveCfg = Debug|Win32
		{0DD1A94D-D423-40CA-A7AC-4A880F1DA1D8}.Debug|Win32.Build.0 = Debug|Win32
		{0DD1A94D-D423-40CA-A7AC-4A880F1DA1D8}.Debug|x64.ActiveCfg = Debug|x64
		{0DD1A94D-D423-40CA-A7AC-4A880F1DA1D8}.Debug|x64.Build.0 = Debug|x64
		{0DD1A94D-D423-40CA-A7AC-4A880F1DA1D8}.dummy|Win32.ActiveCfg = Debug|x64
		{0DD1A94D-D423-40CA-A7AC-4A880F1DA1D8}.dummy|x64.ActiveCfg = Debug|x64
		{0DD1A94D-D423-40CA-A7AC-4A880F1DA1D8}.dummy|x64.Build.0 = Debug|x64
		{0DD1A94D-D423-40CA-A7AC-4A880F1DA1D8}.Release|Win32.ActiveCfg = Release|Win32
		{0DD1A94D-D423-40CA-A7AC-4A880F1DA1D8}.Release|Win32.Build.0 = Release|Win32
		{0DD1A94D-D423-40CA-A7AC-4A880F1DA1D8}.Release|x64.ActiveCfg = Release|x64
		{0DD1A94D-D423-40CA-A7AC-4A880F1DA1D8}.Release|x64.Build.0 = Release|x64
		{C0DEE18A-189A-444C-99E2-BCF2FE865792}.Debug|Win32.ActiveCfg = Debug|Win32
		{C0DEE18A-189A-444C-99E2-BCF2FE865792}.Debug|Win32.Build.0 = Debug|Win32
		{C0DEE18A-189A-444C-99E2-BCF2FE865792}.Debug|x64.ActiveCfg = Debug|x64
		{C0DEE18A-189A-444C-99E2-BCF2FE865792}.Debug|x64.Build.0 = Debug|x64
		{C0DEE18A-189A-444C-99E2-BCF2FE865792}.dummy|Win32.ActiveCfg = Debug|x64
		{C0DEE18A-189A-444C-99E2-BCF2FE865792}.dummy|x64.ActiveCfg = Debug|x64
		{C0DEE18A-189A-444C-99E2-BCF2FE865792}.dummy|x64.Build.0 = Debug|x64
		{C0DEE18A-189A-444C-99E2-BCF2FE865792}.Release|Win32.ActiveCfg = Release|Win32
		{C0DEE18A-189A-444C-99E2-BCF2FE865792}.Release|Win32.Build.0 = Release|Win32
		{C0DEE18A-189A-444C-99E2-BCF2FE865792}.Release|x64.ActiveCfg = Release|x64
		{C0DEE18A-189A-444C-99E2-BCF2FE865792}.Release|x64.Build.0 = Release|x64
		{4B4BF2B1-9E2C-4CA9-BFF6-9B013E81D6A7}.Debug|Win32.ActiveCfg = Debug|Win32
		{4B4BF2B1-9E2C-4CA9-BFF6-9B013E81D6A7}.Debug|Win32.Build.0 = Debug|Win32
		{4B4BF2B1-9E2C-4CA9-BFF6-9B013E81D6A7}.Debug|x64.ActiveCfg = Debug|x64
		{4B4BF2B1-9E2C-4CA9-BFF6-9B013E81D6A7}.Debug|x64.Build.0 = Debug|x64
		{4B4BF2B1-9E2C-4CA9-BFF6-9B013E81D6A7}.dummy|Win32.ActiveCfg = Debug|x64
		{4B4BF2B1-9E2C-4CA9-BFF6-9B013E81D6A7}.dummy|x64.ActiveCfg = Debug|x64
		{4B4BF2B1-9E2C-4CA9-BFF6-9B013E81D6A7}.dummy|x64.Build.0 = Debug|x64
		{4B4BF2B1-9E2C-4CA9-BFF6-9B013E81D6A7}.Release|Win32.ActiveCfg = Release|Win32
		{4B4BF2B1-9E2C-4CA9-BFF6-9B013E81D6A7}.Release|Win32.Build.0 = Release|Win32
		{4B4BF2B1-9E2C-4CA9-BFF6-9B013E81D6A7}.Release|x64.ActiveCfg = Release|x64
		{4B4BF2B1-9E2C-4CA9-BFF6-9B013E81D6A7}.Release|x64.Build.0 = Release|x64
		{AF5BBA70-C7EC-47A9-851C-1D209924804D}.Debug|Win32.ActiveCfg = Debug|Win32
		{AF5BBA70-C7EC-47A9-851C-1D209924804D}.Debug|Win32.Build.0 = Debug|Win32
		{AF5BBA70-C7EC-47A9-851C-1D209924804D}.Debug|x64.ActiveCfg = Debug|Win32
		{AF5BBA70-C7EC-47A9-851C-1D209924804D}.dummy|Win32.ActiveCfg = Debug|Win32
		{AF5BBA70-C7EC-47A9-851C-1D209924804D}.dummy|Win32.Build.0 = Debug|Win32
		{AF5BBA70-C7EC-47A9-851C-1D209924804D}.dummy|x64.ActiveCfg = Debug|Win32
		{AF5BBA70-C7EC-47A9-851C-1D209924804D}.Release|Win32.ActiveCfg = Release|Win32
		{AF5BBA70-C7EC-47A9-851C-1D209924804D}.Release|Win32.Build.0 = Release|Win32
		{AF5BBA70-C7EC-47A9-851C-1D209924804D}.Release|x64.ActiveCfg = Release|Win32
		{DD66D03A-3B08-4B4D-91DD-071433940450}.Debug|Win32.ActiveCfg = Debug|Win32
		{DD66D03A-3B08-4B4D-91DD-071433940450}.Debug|Win32.Build.0 = Debug|Win32
		{DD66D03A-3B08-4B4D-91DD-071433940450}.Debug|x64.ActiveCfg = Debug|Win32
		{DD66D03A-3B08-4B4D-91DD-071433940450}.dummy|Win32.ActiveCfg = Debug|Win32
		{DD66D03A-3B08-4B4D-91DD-071433940450}.dummy|Win32.Build.0 = Debug|Win32
		{DD66D03A-3B08-4B4D-91DD-071433940450}.dummy|x64.ActiveCfg = Debug|Win32
		{DD66D03A-3B08-4B4D-91DD-071433940450}.Release|Win32.ActiveCfg = Release|Win32
		{DD66D03A-3B08-4B4D-91DD-071433940450}.Release|Win32.Build.0 = Release|Win32
		{DD66D03A-3B08-4B4D-91DD-071433940450}.Release|x64.ActiveCfg = Release|Win32
	EndGlobalSection
	GlobalSection(SolutionProperties) = preSolution
		HideSolutionNode = FALSE
	EndGlobalSection
EndGlobal
