
Microsoft Visual Studio Solution File, Format Version 9.00
# Visual Studio 2005
Project("{8BC9CEB8-8B4A-11D0-8D11-00A0C91BC942}") = "eloop", "eloop.vcproj", "{0DD1A94D-D423-40CA-A7AC-4A880F1DA1D8}"
	ProjectSection(ProjectDependencies) = postProject
		{4B4BF2B1-9E2C-4CA9-BFF6-9B013E81D6A7} = {4B4BF2B1-9E2C-4CA9-BFF6-9B013E81D6A7}
	EndProjectSection
EndProject
Project("{8BC9CEB8-8B4A-11D0-8D11-00A0C91BC942}") = "libuv_vs2005", "libuv_1.9.1\libuv_vs2005.vcproj", "{4B4BF2B1-9E2C-4CA9-BFF6-9B013E81D6A7}"
EndProject
Project("{8BC9CEB8-8B4A-11D0-8D11-00A0C91BC942}") = "Test_async", "eloop_test\Test_async\Test_async.vcproj", "{92FDC578-4BBA-4900-A67E-59D5DEA862A5}"
EndProject
Project("{8BC9CEB8-8B4A-11D0-8D11-00A0C91BC942}") = "Test_timer", "eloop_test\Test_timer\Test_timer.vcproj", "{9C86E19A-1D43-412B-A2E0-DF89BFF108D3}"
	ProjectSection(ProjectDependencies) = postProject
		{0DD1A94D-D423-40CA-A7AC-4A880F1DA1D8} = {0DD1A94D-D423-40CA-A7AC-4A880F1DA1D8}
		{4B4BF2B1-9E2C-4CA9-BFF6-9B013E81D6A7} = {4B4BF2B1-9E2C-4CA9-BFF6-9B013E81D6A7}
	EndProjectSection
EndProject
Project("{8BC9CEB8-8B4A-11D0-8D11-00A0C91BC942}") = "Test_idle", "eloop_test\Test_idle\Test_idle.vcproj", "{9BCF55E6-5CEA-44A8-AC40-88F0FF7075FE}"
	ProjectSection(ProjectDependencies) = postProject
		{0DD1A94D-D423-40CA-A7AC-4A880F1DA1D8} = {0DD1A94D-D423-40CA-A7AC-4A880F1DA1D8}
		{4B4BF2B1-9E2C-4CA9-BFF6-9B013E81D6A7} = {4B4BF2B1-9E2C-4CA9-BFF6-9B013E81D6A7}
	EndProjectSection
EndProject
Project("{8BC9CEB8-8B4A-11D0-8D11-00A0C91BC942}") = "Test_udpServer", "eloop_test\Test_udpServer\Test_udpServer.vcproj", "{41CB3512-1B02-4258-A394-02974281AEF9}"
	ProjectSection(ProjectDependencies) = postProject
		{0DD1A94D-D423-40CA-A7AC-4A880F1DA1D8} = {0DD1A94D-D423-40CA-A7AC-4A880F1DA1D8}
		{4B4BF2B1-9E2C-4CA9-BFF6-9B013E81D6A7} = {4B4BF2B1-9E2C-4CA9-BFF6-9B013E81D6A7}
	EndProjectSection
EndProject
Project("{8BC9CEB8-8B4A-11D0-8D11-00A0C91BC942}") = "Test_udpClient", "eloop_test\Test_udpClient\Test_udpClient.vcproj", "{5EA075ED-4237-4C5F-905E-EB82ACC0BC3C}"
	ProjectSection(ProjectDependencies) = postProject
		{0DD1A94D-D423-40CA-A7AC-4A880F1DA1D8} = {0DD1A94D-D423-40CA-A7AC-4A880F1DA1D8}
		{4B4BF2B1-9E2C-4CA9-BFF6-9B013E81D6A7} = {4B4BF2B1-9E2C-4CA9-BFF6-9B013E81D6A7}
	EndProjectSection
EndProject
Project("{8BC9CEB8-8B4A-11D0-8D11-00A0C91BC942}") = "Test_tcpServer", "eloop_test\Test_TcpServer\Test_TcpServer.vcproj", "{7E7164B8-1EA7-4929-BA48-02C8D5F20A72}"
	ProjectSection(ProjectDependencies) = postProject
		{0DD1A94D-D423-40CA-A7AC-4A880F1DA1D8} = {0DD1A94D-D423-40CA-A7AC-4A880F1DA1D8}
		{4B4BF2B1-9E2C-4CA9-BFF6-9B013E81D6A7} = {4B4BF2B1-9E2C-4CA9-BFF6-9B013E81D6A7}
	EndProjectSection
EndProject
Project("{8BC9CEB8-8B4A-11D0-8D11-00A0C91BC942}") = "Test_tcpClient", "eloop_test\Test_tcpClient\Test_tcpClient.vcproj", "{996C47F1-A096-4C4B-AE91-359E34CE54D7}"
	ProjectSection(ProjectDependencies) = postProject
		{0DD1A94D-D423-40CA-A7AC-4A880F1DA1D8} = {0DD1A94D-D423-40CA-A7AC-4A880F1DA1D8}
		{4B4BF2B1-9E2C-4CA9-BFF6-9B013E81D6A7} = {4B4BF2B1-9E2C-4CA9-BFF6-9B013E81D6A7}
	EndProjectSection
EndProject
Project("{8BC9CEB8-8B4A-11D0-8D11-00A0C91BC942}") = "BuildAll", "buildall.vcproj", "{572A8515-DF45-4982-B863-460D1E0150B4}"
	ProjectSection(ProjectDependencies) = postProject
		{C0DEE18A-189A-444C-99E2-BCF2FE865792} = {C0DEE18A-189A-444C-99E2-BCF2FE865792}
		{41CB3512-1B02-4258-A394-02974281AEF9} = {41CB3512-1B02-4258-A394-02974281AEF9}
		{0DD1A94D-D423-40CA-A7AC-4A880F1DA1D8} = {0DD1A94D-D423-40CA-A7AC-4A880F1DA1D8}
		{92FDC578-4BBA-4900-A67E-59D5DEA862A5} = {92FDC578-4BBA-4900-A67E-59D5DEA862A5}
		{9C86E19A-1D43-412B-A2E0-DF89BFF108D3} = {9C86E19A-1D43-412B-A2E0-DF89BFF108D3}
		{4B4BF2B1-9E2C-4CA9-BFF6-9B013E81D6A7} = {4B4BF2B1-9E2C-4CA9-BFF6-9B013E81D6A7}
		{387A86B6-2A3E-4952-BDA3-E85D51269D89} = {387A86B6-2A3E-4952-BDA3-E85D51269D89}
		{7E7164B8-1EA7-4929-BA48-02C8D5F20A72} = {7E7164B8-1EA7-4929-BA48-02C8D5F20A72}
		{5684BFCF-E9DF-470E-B06C-80E22A789CC0} = {5684BFCF-E9DF-470E-B06C-80E22A789CC0}
		{470DAED7-7F6A-4A70-B87C-6CED370D3C44} = {470DAED7-7F6A-4A70-B87C-6CED370D3C44}
		{9BCF55E6-5CEA-44A8-AC40-88F0FF7075FE} = {9BCF55E6-5CEA-44A8-AC40-88F0FF7075FE}
		{5EA075ED-4237-4C5F-905E-EB82ACC0BC3C} = {5EA075ED-4237-4C5F-905E-EB82ACC0BC3C}
		{996C47F1-A096-4C4B-AE91-359E34CE54D7} = {996C47F1-A096-4C4B-AE91-359E34CE54D7}
		{336460F2-1A7C-46F9-A496-7E4973842EB3} = {336460F2-1A7C-46F9-A496-7E4973842EB3}
	EndProjectSection
EndProject
Project("{8BC9CEB8-8B4A-11D0-8D11-00A0C91BC942}") = "Test_file", "eloop_test\Test_file\Test_file.vcproj", "{5684BFCF-E9DF-470E-B06C-80E22A789CC0}"
	ProjectSection(ProjectDependencies) = postProject
		{0DD1A94D-D423-40CA-A7AC-4A880F1DA1D8} = {0DD1A94D-D423-40CA-A7AC-4A880F1DA1D8}
		{4B4BF2B1-9E2C-4CA9-BFF6-9B013E81D6A7} = {4B4BF2B1-9E2C-4CA9-BFF6-9B013E81D6A7}
	EndProjectSection
EndProject
Project("{8BC9CEB8-8B4A-11D0-8D11-00A0C91BC942}") = "Test_pipeServer", "eloop_test\Test_pipeServer\Test_pipeServer.vcproj", "{387A86B6-2A3E-4952-BDA3-E85D51269D89}"
	ProjectSection(ProjectDependencies) = postProject
		{0DD1A94D-D423-40CA-A7AC-4A880F1DA1D8} = {0DD1A94D-D423-40CA-A7AC-4A880F1DA1D8}
		{4B4BF2B1-9E2C-4CA9-BFF6-9B013E81D6A7} = {4B4BF2B1-9E2C-4CA9-BFF6-9B013E81D6A7}
	EndProjectSection
EndProject
Project("{8BC9CEB8-8B4A-11D0-8D11-00A0C91BC942}") = "Test_pipeClient", "eloop_test\Test_pipeClient\Test_pipeClient.vcproj", "{470DAED7-7F6A-4A70-B87C-6CED370D3C44}"
EndProject
Project("{8BC9CEB8-8B4A-11D0-8D11-00A0C91BC942}") = "Test_lock", "eloop_test\Test_lock\Test_lock.vcproj", "{336460F2-1A7C-46F9-A496-7E4973842EB3}"
	ProjectSection(ProjectDependencies) = postProject
		{C0DEE18A-189A-444C-99E2-BCF2FE865792} = {C0DEE18A-189A-444C-99E2-BCF2FE865792}
	EndProjectSection
EndProject
Project("{8BC9CEB8-8B4A-11D0-8D11-00A0C91BC942}") = "ZQCommonStlp", "..\dll\ZQCommonStlp.vcproj", "{C0DEE18A-189A-444C-99E2-BCF2FE865792}"
EndProject
Global
	GlobalSection(SolutionConfigurationPlatforms) = preSolution
		Debug|Win32 = Debug|Win32
		Debug|x64 = Debug|x64
		Release|Win32 = Release|Win32
		Release|x64 = Release|x64
	EndGlobalSection
	GlobalSection(ProjectConfigurationPlatforms) = postSolution
		{0DD1A94D-D423-40CA-A7AC-4A880F1DA1D8}.Debug|Win32.ActiveCfg = Debug|Win32
		{0DD1A94D-D423-40CA-A7AC-4A880F1DA1D8}.Debug|Win32.Build.0 = Debug|Win32
		{0DD1A94D-D423-40CA-A7AC-4A880F1DA1D8}.Debug|x64.ActiveCfg = Debug|x64
		{0DD1A94D-D423-40CA-A7AC-4A880F1DA1D8}.Debug|x64.Build.0 = Debug|x64
		{0DD1A94D-D423-40CA-A7AC-4A880F1DA1D8}.Release|Win32.ActiveCfg = Release|Win32
		{0DD1A94D-D423-40CA-A7AC-4A880F1DA1D8}.Release|Win32.Build.0 = Release|Win32
		{0DD1A94D-D423-40CA-A7AC-4A880F1DA1D8}.Release|x64.ActiveCfg = Release|x64
		{0DD1A94D-D423-40CA-A7AC-4A880F1DA1D8}.Release|x64.Build.0 = Release|x64
		{4B4BF2B1-9E2C-4CA9-BFF6-9B013E81D6A7}.Debug|Win32.ActiveCfg = Debug|Win32
		{4B4BF2B1-9E2C-4CA9-BFF6-9B013E81D6A7}.Debug|Win32.Build.0 = Debug|Win32
		{4B4BF2B1-9E2C-4CA9-BFF6-9B013E81D6A7}.Debug|x64.ActiveCfg = Debug|Win32
		{4B4BF2B1-9E2C-4CA9-BFF6-9B013E81D6A7}.Release|Win32.ActiveCfg = Release|Win32
		{4B4BF2B1-9E2C-4CA9-BFF6-9B013E81D6A7}.Release|Win32.Build.0 = Release|Win32
		{4B4BF2B1-9E2C-4CA9-BFF6-9B013E81D6A7}.Release|x64.ActiveCfg = Release|Win32
		{92FDC578-4BBA-4900-A67E-59D5DEA862A5}.Debug|Win32.ActiveCfg = Debug|Win32
		{92FDC578-4BBA-4900-A67E-59D5DEA862A5}.Debug|Win32.Build.0 = Debug|Win32
		{92FDC578-4BBA-4900-A67E-59D5DEA862A5}.Debug|x64.ActiveCfg = Debug|Win32
		{92FDC578-4BBA-4900-A67E-59D5DEA862A5}.Release|Win32.ActiveCfg = Release|Win32
		{92FDC578-4BBA-4900-A67E-59D5DEA862A5}.Release|Win32.Build.0 = Release|Win32
		{92FDC578-4BBA-4900-A67E-59D5DEA862A5}.Release|x64.ActiveCfg = Release|Win32
		{9C86E19A-1D43-412B-A2E0-DF89BFF108D3}.Debug|Win32.ActiveCfg = Debug|Win32
		{9C86E19A-1D43-412B-A2E0-DF89BFF108D3}.Debug|Win32.Build.0 = Debug|Win32
		{9C86E19A-1D43-412B-A2E0-DF89BFF108D3}.Debug|x64.ActiveCfg = Debug|Win32
		{9C86E19A-1D43-412B-A2E0-DF89BFF108D3}.Release|Win32.ActiveCfg = Release|Win32
		{9C86E19A-1D43-412B-A2E0-DF89BFF108D3}.Release|Win32.Build.0 = Release|Win32
		{9C86E19A-1D43-412B-A2E0-DF89BFF108D3}.Release|x64.ActiveCfg = Release|Win32
		{9BCF55E6-5CEA-44A8-AC40-88F0FF7075FE}.Debug|Win32.ActiveCfg = Debug|Win32
		{9BCF55E6-5CEA-44A8-AC40-88F0FF7075FE}.Debug|Win32.Build.0 = Debug|Win32
		{9BCF55E6-5CEA-44A8-AC40-88F0FF7075FE}.Debug|x64.ActiveCfg = Debug|Win32
		{9BCF55E6-5CEA-44A8-AC40-88F0FF7075FE}.Release|Win32.ActiveCfg = Release|Win32
		{9BCF55E6-5CEA-44A8-AC40-88F0FF7075FE}.Release|Win32.Build.0 = Release|Win32
		{9BCF55E6-5CEA-44A8-AC40-88F0FF7075FE}.Release|x64.ActiveCfg = Release|Win32
		{41CB3512-1B02-4258-A394-02974281AEF9}.Debug|Win32.ActiveCfg = Debug|Win32
		{41CB3512-1B02-4258-A394-02974281AEF9}.Debug|Win32.Build.0 = Debug|Win32
		{41CB3512-1B02-4258-A394-02974281AEF9}.Debug|x64.ActiveCfg = Debug|Win32
		{41CB3512-1B02-4258-A394-02974281AEF9}.Release|Win32.ActiveCfg = Release|Win32
		{41CB3512-1B02-4258-A394-02974281AEF9}.Release|Win32.Build.0 = Release|Win32
		{41CB3512-1B02-4258-A394-02974281AEF9}.Release|x64.ActiveCfg = Release|Win32
		{5EA075ED-4237-4C5F-905E-EB82ACC0BC3C}.Debug|Win32.ActiveCfg = Debug|Win32
		{5EA075ED-4237-4C5F-905E-EB82ACC0BC3C}.Debug|Win32.Build.0 = Debug|Win32
		{5EA075ED-4237-4C5F-905E-EB82ACC0BC3C}.Debug|x64.ActiveCfg = Debug|Win32
		{5EA075ED-4237-4C5F-905E-EB82ACC0BC3C}.Release|Win32.ActiveCfg = Release|Win32
		{5EA075ED-4237-4C5F-905E-EB82ACC0BC3C}.Release|Win32.Build.0 = Release|Win32
		{5EA075ED-4237-4C5F-905E-EB82ACC0BC3C}.Release|x64.ActiveCfg = Release|Win32
		{7E7164B8-1EA7-4929-BA48-02C8D5F20A72}.Debug|Win32.ActiveCfg = Debug|Win32
		{7E7164B8-1EA7-4929-BA48-02C8D5F20A72}.Debug|Win32.Build.0 = Debug|Win32
		{7E7164B8-1EA7-4929-BA48-02C8D5F20A72}.Debug|x64.ActiveCfg = Debug|Win32
		{7E7164B8-1EA7-4929-BA48-02C8D5F20A72}.Release|Win32.ActiveCfg = Release|Win32
		{7E7164B8-1EA7-4929-BA48-02C8D5F20A72}.Release|Win32.Build.0 = Release|Win32
		{7E7164B8-1EA7-4929-BA48-02C8D5F20A72}.Release|x64.ActiveCfg = Release|Win32
		{996C47F1-A096-4C4B-AE91-359E34CE54D7}.Debug|Win32.ActiveCfg = Debug|Win32
		{996C47F1-A096-4C4B-AE91-359E34CE54D7}.Debug|Win32.Build.0 = Debug|Win32
		{996C47F1-A096-4C4B-AE91-359E34CE54D7}.Debug|x64.ActiveCfg = Debug|Win32
		{996C47F1-A096-4C4B-AE91-359E34CE54D7}.Release|Win32.ActiveCfg = Release|Win32
		{996C47F1-A096-4C4B-AE91-359E34CE54D7}.Release|Win32.Build.0 = Release|Win32
		{996C47F1-A096-4C4B-AE91-359E34CE54D7}.Release|x64.ActiveCfg = Release|Win32
		{572A8515-DF45-4982-B863-460D1E0150B4}.Debug|Win32.ActiveCfg = Debug|Win32
		{572A8515-DF45-4982-B863-460D1E0150B4}.Debug|Win32.Build.0 = Debug|Win32
		{572A8515-DF45-4982-B863-460D1E0150B4}.Debug|x64.ActiveCfg = Debug|Win32
		{572A8515-DF45-4982-B863-460D1E0150B4}.Release|Win32.ActiveCfg = Release|Win32
		{572A8515-DF45-4982-B863-460D1E0150B4}.Release|Win32.Build.0 = Release|Win32
		{572A8515-DF45-4982-B863-460D1E0150B4}.Release|x64.ActiveCfg = Release|Win32
		{5684BFCF-E9DF-470E-B06C-80E22A789CC0}.Debug|Win32.ActiveCfg = Debug|Win32
		{5684BFCF-E9DF-470E-B06C-80E22A789CC0}.Debug|Win32.Build.0 = Debug|Win32
		{5684BFCF-E9DF-470E-B06C-80E22A789CC0}.Debug|x64.ActiveCfg = Debug|Win32
		{5684BFCF-E9DF-470E-B06C-80E22A789CC0}.Release|Win32.ActiveCfg = Release|Win32
		{5684BFCF-E9DF-470E-B06C-80E22A789CC0}.Release|Win32.Build.0 = Release|Win32
		{5684BFCF-E9DF-470E-B06C-80E22A789CC0}.Release|x64.ActiveCfg = Release|Win32
		{387A86B6-2A3E-4952-BDA3-E85D51269D89}.Debug|Win32.ActiveCfg = Debug|Win32
		{387A86B6-2A3E-4952-BDA3-E85D51269D89}.Debug|Win32.Build.0 = Debug|Win32
		{387A86B6-2A3E-4952-BDA3-E85D51269D89}.Debug|x64.ActiveCfg = Debug|Win32
		{387A86B6-2A3E-4952-BDA3-E85D51269D89}.Release|Win32.ActiveCfg = Release|Win32
		{387A86B6-2A3E-4952-BDA3-E85D51269D89}.Release|Win32.Build.0 = Release|Win32
		{387A86B6-2A3E-4952-BDA3-E85D51269D89}.Release|x64.ActiveCfg = Release|Win32
		{470DAED7-7F6A-4A70-B87C-6CED370D3C44}.Debug|Win32.ActiveCfg = Debug|Win32
		{470DAED7-7F6A-4A70-B87C-6CED370D3C44}.Debug|Win32.Build.0 = Debug|Win32
		{470DAED7-7F6A-4A70-B87C-6CED370D3C44}.Debug|x64.ActiveCfg = Debug|Win32
		{470DAED7-7F6A-4A70-B87C-6CED370D3C44}.Release|Win32.ActiveCfg = Release|Win32
		{470DAED7-7F6A-4A70-B87C-6CED370D3C44}.Release|Win32.Build.0 = Release|Win32
		{470DAED7-7F6A-4A70-B87C-6CED370D3C44}.Release|x64.ActiveCfg = Release|Win32
		{336460F2-1A7C-46F9-A496-7E4973842EB3}.Debug|Win32.ActiveCfg = Debug|Win32
		{336460F2-1A7C-46F9-A496-7E4973842EB3}.Debug|Win32.Build.0 = Debug|Win32
		{336460F2-1A7C-46F9-A496-7E4973842EB3}.Debug|x64.ActiveCfg = Debug|Win32
		{336460F2-1A7C-46F9-A496-7E4973842EB3}.Release|Win32.ActiveCfg = Release|Win32
		{336460F2-1A7C-46F9-A496-7E4973842EB3}.Release|Win32.Build.0 = Release|Win32
		{336460F2-1A7C-46F9-A496-7E4973842EB3}.Release|x64.ActiveCfg = Release|Win32
		{C0DEE18A-189A-444C-99E2-BCF2FE865792}.Debug|Win32.ActiveCfg = Debug|Win32
		{C0DEE18A-189A-444C-99E2-BCF2FE865792}.Debug|Win32.Build.0 = Debug|Win32
		{C0DEE18A-189A-444C-99E2-BCF2FE865792}.Debug|x64.ActiveCfg = Debug|x64
		{C0DEE18A-189A-444C-99E2-BCF2FE865792}.Debug|x64.Build.0 = Debug|x64
		{C0DEE18A-189A-444C-99E2-BCF2FE865792}.Release|Win32.ActiveCfg = Release|Win32
		{C0DEE18A-189A-444C-99E2-BCF2FE865792}.Release|Win32.Build.0 = Release|Win32
		{C0DEE18A-189A-444C-99E2-BCF2FE865792}.Release|x64.ActiveCfg = Release|x64
		{C0DEE18A-189A-444C-99E2-BCF2FE865792}.Release|x64.Build.0 = Release|x64
	EndGlobalSection
	GlobalSection(SolutionProperties) = preSolution
		HideSolutionNode = FALSE
	EndGlobalSection
EndGlobal
