<?xml version="1.0" encoding="utf-8"?>
<Project ToolsVersion="4.0" xmlns="http://schemas.microsoft.com/developer/msbuild/2003">
  <ItemGroup>
    <Filter Include="Source Files">
      <UniqueIdentifier>{ce451930-88f5-4e58-9a2c-a289b7a0f8e0}</UniqueIdentifier>
      <Extensions>cpp;c;cxx;rc;def;r;odl;idl;hpj;bat</Extensions>
    </Filter>
    <Filter Include="Header Files">
      <UniqueIdentifier>{12e53c80-a8bb-42be-bbc8-98576639b777}</UniqueIdentifier>
      <Extensions>h;hpp;hxx;hm;inl</Extensions>
    </Filter>
    <Filter Include="Resource Files">
      <UniqueIdentifier>{c669c5e2-5a97-4848-9cc8-02c36a3313f7}</UniqueIdentifier>
      <Extensions>ico;cur;bmp;dlg;rc2;rct;bin;rgs;gif;jpg;jpeg;jpe</Extensions>
    </Filter>
  </ItemGroup>
  <ItemGroup>
    <ClCompile Include="eloop_win.cpp">
      <Filter>Source Files</Filter>
    </ClCompile>
    <ClCompile Include="eloop.cpp">
      <Filter>Source Files</Filter>
    </ClCompile>
    <ClCompile Include="eloop_file.cpp">
      <Filter>Source Files</Filter>
    </ClCompile>
    <ClCompile Include="eloop_net.cpp">
      <Filter>Source Files</Filter>
    </ClCompile>
    <ClCompile Include="eloop_lock.cpp">
      <Filter>Source Files</Filter>
    </ClCompile>
  </ItemGroup>
  <ItemGroup>
    <ClInclude Include="ZQResource.h">
      <Filter>Header Files</Filter>
    </ClInclude>
    <ClInclude Include="eloop.h">
      <Filter>Header Files</Filter>
    </ClInclude>
    <ClInclude Include="eloop_lock.h">
      <Filter>Header Files</Filter>
    </ClInclude>
    <ClInclude Include="eloop_net.h">
      <Filter>Header Files</Filter>
    </ClInclude>
    <ClInclude Include="eloop_file.h">
      <Filter>Header Files</Filter>
    </ClInclude>
  </ItemGroup>
  <ItemGroup>
    <ResourceCompile Include="eloop.rc">
      <Filter>Resource Files</Filter>
    </ResourceCompile>
  </ItemGroup>
</Project>