
Microsoft Visual Studio Solution File, Format Version 9.00
# Visual Studio 2005
Project("{8BC9CEB8-8B4A-11D0-8D11-00A0C91BC942}") = "ZQCommonStlp", "..\..\dll\ZQCommonStlp.vcproj", "{C0DEE18A-189A-444C-99E2-BCF2FE865792}"
EndProject
Project("{8BC9CEB8-8B4A-11D0-8D11-00A0C91BC942}") = "TestHttpClient", "TestHttpClient\TestHttpClient.vcproj", "{B88C5419-0F03-413C-97E8-197AAC526A18}"
	ProjectSection(ProjectDependencies) = postProject
		{80EB5F58-96A6-4334-8C0F-CD68C93B5951} = {80EB5F58-96A6-4334-8C0F-CD68C93B5951}
		{C0DEE18A-189A-444C-99E2-BCF2FE865792} = {C0DEE18A-189A-444C-99E2-BCF2FE865792}
	EndProjectSection
EndProject
Project("{8BC9CEB8-8B4A-11D0-8D11-00A0C91BC942}") = "TestSimpleHttp", "TestSimpleHttp\TestSimpleHttp.vcproj", "{A00B7B40-B34D-4350-BBC0-01B25D0861B7}"
	ProjectSection(ProjectDependencies) = postProject
		{80EB5F58-96A6-4334-8C0F-CD68C93B5951} = {80EB5F58-96A6-4334-8C0F-CD68C93B5951}
		{C0DEE18A-189A-444C-99E2-BCF2FE865792} = {C0DEE18A-189A-444C-99E2-BCF2FE865792}
	EndProjectSection
EndProject
Project("{8BC9CEB8-8B4A-11D0-8D11-00A0C91BC942}") = "TestSocketClient", "TestSocketClient\TestSocketClient.vcproj", "{52A84A8B-3CB1-4243-89FE-88225F30B99A}"
	ProjectSection(ProjectDependencies) = postProject
		{C0DEE18A-189A-444C-99E2-BCF2FE865792} = {C0DEE18A-189A-444C-99E2-BCF2FE865792}
		{80EB5F58-96A6-4334-8C0F-CD68C93B5951} = {80EB5F58-96A6-4334-8C0F-CD68C93B5951}
	EndProjectSection
EndProject
Project("{8BC9CEB8-8B4A-11D0-8D11-00A0C91BC942}") = "C2Downloader", "C2Downloader\C2Downloader.vcproj", "{94409571-4111-4B6A-A0F6-2A9A788B815E}"
	ProjectSection(ProjectDependencies) = postProject
		{C0DEE18A-189A-444C-99E2-BCF2FE865792} = {C0DEE18A-189A-444C-99E2-BCF2FE865792}
		{80EB5F58-96A6-4334-8C0F-CD68C93B5951} = {80EB5F58-96A6-4334-8C0F-CD68C93B5951}
	EndProjectSection
EndProject
Project("{8BC9CEB8-8B4A-11D0-8D11-00A0C91BC942}") = "libasync", "..\libasync.vcproj", "{80EB5F58-96A6-4334-8C0F-CD68C93B5951}"
	ProjectSection(ProjectDependencies) = postProject
		{C0DEE18A-189A-444C-99E2-BCF2FE865792} = {C0DEE18A-189A-444C-99E2-BCF2FE865792}
	EndProjectSection
EndProject
Project("{8BC9CEB8-8B4A-11D0-8D11-00A0C91BC942}") = "TestSocketServer", "TestSocketServer\TestSocketServer.vcproj", "{27B7D278-DE15-48F5-9724-E60CE9DFC110}"
	ProjectSection(ProjectDependencies) = postProject
		{C0DEE18A-189A-444C-99E2-BCF2FE865792} = {C0DEE18A-189A-444C-99E2-BCF2FE865792}
		{80EB5F58-96A6-4334-8C0F-CD68C93B5951} = {80EB5F58-96A6-4334-8C0F-CD68C93B5951}
	EndProjectSection
EndProject
Project("{8BC9CEB8-8B4A-11D0-8D11-00A0C91BC942}") = "TestC2Client", "..\..\..\TianShan\StreamService\C2SS\TestC2Client\TestC2Client.vcproj", "{37BAA45E-C3AD-4DA3-ABAA-71210B1F628E}"
	ProjectSection(ProjectDependencies) = postProject
		{80EB5F58-96A6-4334-8C0F-CD68C93B5951} = {80EB5F58-96A6-4334-8C0F-CD68C93B5951}
		{C0DEE18A-189A-444C-99E2-BCF2FE865792} = {C0DEE18A-189A-444C-99E2-BCF2FE865792}
	EndProjectSection
EndProject
Project("{8BC9CEB8-8B4A-11D0-8D11-00A0C91BC942}") = "TestForMainFile", "TestForMainFile\TestForMainFile.vcproj", "{8F817992-6635-48BC-802E-E72F6EB98AD6}"
	ProjectSection(ProjectDependencies) = postProject
		{80EB5F58-96A6-4334-8C0F-CD68C93B5951} = {80EB5F58-96A6-4334-8C0F-CD68C93B5951}
		{C0DEE18A-189A-444C-99E2-BCF2FE865792} = {C0DEE18A-189A-444C-99E2-BCF2FE865792}
	EndProjectSection
EndProject
Global
	GlobalSection(SolutionConfigurationPlatforms) = preSolution
		Debug|Win32 = Debug|Win32
		Debug|x64 = Debug|x64
		Release|Win32 = Release|Win32
		Release|x64 = Release|x64
	EndGlobalSection
	GlobalSection(ProjectConfigurationPlatforms) = postSolution
		{C0DEE18A-189A-444C-99E2-BCF2FE865792}.Debug|Win32.ActiveCfg = Debug|Win32
		{C0DEE18A-189A-444C-99E2-BCF2FE865792}.Debug|Win32.Build.0 = Debug|Win32
		{C0DEE18A-189A-444C-99E2-BCF2FE865792}.Debug|x64.ActiveCfg = Debug|x64
		{C0DEE18A-189A-444C-99E2-BCF2FE865792}.Debug|x64.Build.0 = Debug|x64
		{C0DEE18A-189A-444C-99E2-BCF2FE865792}.Release|Win32.ActiveCfg = Release|Win32
		{C0DEE18A-189A-444C-99E2-BCF2FE865792}.Release|Win32.Build.0 = Release|Win32
		{C0DEE18A-189A-444C-99E2-BCF2FE865792}.Release|x64.ActiveCfg = Release|x64
		{C0DEE18A-189A-444C-99E2-BCF2FE865792}.Release|x64.Build.0 = Release|x64
		{B88C5419-0F03-413C-97E8-197AAC526A18}.Debug|Win32.ActiveCfg = Debug|Win32
		{B88C5419-0F03-413C-97E8-197AAC526A18}.Debug|Win32.Build.0 = Debug|Win32
		{B88C5419-0F03-413C-97E8-197AAC526A18}.Debug|x64.ActiveCfg = Debug|x64
		{B88C5419-0F03-413C-97E8-197AAC526A18}.Release|Win32.ActiveCfg = Release|Win32
		{B88C5419-0F03-413C-97E8-197AAC526A18}.Release|Win32.Build.0 = Release|Win32
		{B88C5419-0F03-413C-97E8-197AAC526A18}.Release|x64.ActiveCfg = Release|x64
		{A00B7B40-B34D-4350-BBC0-01B25D0861B7}.Debug|Win32.ActiveCfg = Debug|Win32
		{A00B7B40-B34D-4350-BBC0-01B25D0861B7}.Debug|Win32.Build.0 = Debug|Win32
		{A00B7B40-B34D-4350-BBC0-01B25D0861B7}.Debug|x64.ActiveCfg = Debug|x64
		{A00B7B40-B34D-4350-BBC0-01B25D0861B7}.Release|Win32.ActiveCfg = Release|Win32
		{A00B7B40-B34D-4350-BBC0-01B25D0861B7}.Release|Win32.Build.0 = Release|Win32
		{A00B7B40-B34D-4350-BBC0-01B25D0861B7}.Release|x64.ActiveCfg = Release|x64
		{52A84A8B-3CB1-4243-89FE-88225F30B99A}.Debug|Win32.ActiveCfg = Debug|Win32
		{52A84A8B-3CB1-4243-89FE-88225F30B99A}.Debug|Win32.Build.0 = Debug|Win32
		{52A84A8B-3CB1-4243-89FE-88225F30B99A}.Debug|x64.ActiveCfg = Debug|x64
		{52A84A8B-3CB1-4243-89FE-88225F30B99A}.Debug|x64.Build.0 = Debug|x64
		{52A84A8B-3CB1-4243-89FE-88225F30B99A}.Release|Win32.ActiveCfg = Release|Win32
		{52A84A8B-3CB1-4243-89FE-88225F30B99A}.Release|Win32.Build.0 = Release|Win32
		{52A84A8B-3CB1-4243-89FE-88225F30B99A}.Release|x64.ActiveCfg = Release|x64
		{52A84A8B-3CB1-4243-89FE-88225F30B99A}.Release|x64.Build.0 = Release|x64
		{94409571-4111-4B6A-A0F6-2A9A788B815E}.Debug|Win32.ActiveCfg = Debug|Win32
		{94409571-4111-4B6A-A0F6-2A9A788B815E}.Debug|Win32.Build.0 = Debug|Win32
		{94409571-4111-4B6A-A0F6-2A9A788B815E}.Debug|x64.ActiveCfg = Debug|x64
		{94409571-4111-4B6A-A0F6-2A9A788B815E}.Release|Win32.ActiveCfg = Release|Win32
		{94409571-4111-4B6A-A0F6-2A9A788B815E}.Release|Win32.Build.0 = Release|Win32
		{94409571-4111-4B6A-A0F6-2A9A788B815E}.Release|x64.ActiveCfg = Release|x64
		{80EB5F58-96A6-4334-8C0F-CD68C93B5951}.Debug|Win32.ActiveCfg = Debug|Win32
		{80EB5F58-96A6-4334-8C0F-CD68C93B5951}.Debug|Win32.Build.0 = Debug|Win32
		{80EB5F58-96A6-4334-8C0F-CD68C93B5951}.Debug|x64.ActiveCfg = Debug|x64
		{80EB5F58-96A6-4334-8C0F-CD68C93B5951}.Debug|x64.Build.0 = Debug|x64
		{80EB5F58-96A6-4334-8C0F-CD68C93B5951}.Release|Win32.ActiveCfg = Release|Win32
		{80EB5F58-96A6-4334-8C0F-CD68C93B5951}.Release|Win32.Build.0 = Release|Win32
		{80EB5F58-96A6-4334-8C0F-CD68C93B5951}.Release|x64.ActiveCfg = Release|x64
		{80EB5F58-96A6-4334-8C0F-CD68C93B5951}.Release|x64.Build.0 = Release|x64
		{27B7D278-DE15-48F5-9724-E60CE9DFC110}.Debug|Win32.ActiveCfg = Debug|Win32
		{27B7D278-DE15-48F5-9724-E60CE9DFC110}.Debug|Win32.Build.0 = Debug|Win32
		{27B7D278-DE15-48F5-9724-E60CE9DFC110}.Debug|x64.ActiveCfg = Debug|x64
		{27B7D278-DE15-48F5-9724-E60CE9DFC110}.Debug|x64.Build.0 = Debug|x64
		{27B7D278-DE15-48F5-9724-E60CE9DFC110}.Release|Win32.ActiveCfg = Release|Win32
		{27B7D278-DE15-48F5-9724-E60CE9DFC110}.Release|Win32.Build.0 = Release|Win32
		{27B7D278-DE15-48F5-9724-E60CE9DFC110}.Release|x64.ActiveCfg = Release|x64
		{27B7D278-DE15-48F5-9724-E60CE9DFC110}.Release|x64.Build.0 = Release|x64
		{37BAA45E-C3AD-4DA3-ABAA-71210B1F628E}.Debug|Win32.ActiveCfg = Debug|Win32
		{37BAA45E-C3AD-4DA3-ABAA-71210B1F628E}.Debug|Win32.Build.0 = Debug|Win32
		{37BAA45E-C3AD-4DA3-ABAA-71210B1F628E}.Debug|x64.ActiveCfg = Debug|x64
		{37BAA45E-C3AD-4DA3-ABAA-71210B1F628E}.Debug|x64.Build.0 = Debug|x64
		{37BAA45E-C3AD-4DA3-ABAA-71210B1F628E}.Release|Win32.ActiveCfg = Release|Win32
		{37BAA45E-C3AD-4DA3-ABAA-71210B1F628E}.Release|Win32.Build.0 = Release|Win32
		{37BAA45E-C3AD-4DA3-ABAA-71210B1F628E}.Release|x64.ActiveCfg = Release|x64
		{37BAA45E-C3AD-4DA3-ABAA-71210B1F628E}.Release|x64.Build.0 = Release|x64
		{8F817992-6635-48BC-802E-E72F6EB98AD6}.Debug|Win32.ActiveCfg = Debug|Win32
		{8F817992-6635-48BC-802E-E72F6EB98AD6}.Debug|Win32.Build.0 = Debug|Win32
		{8F817992-6635-48BC-802E-E72F6EB98AD6}.Debug|x64.ActiveCfg = Debug|Win32
		{8F817992-6635-48BC-802E-E72F6EB98AD6}.Release|Win32.ActiveCfg = Release|Win32
		{8F817992-6635-48BC-802E-E72F6EB98AD6}.Release|Win32.Build.0 = Release|Win32
		{8F817992-6635-48BC-802E-E72F6EB98AD6}.Release|x64.ActiveCfg = Release|Win32
	EndGlobalSection
	GlobalSection(SolutionProperties) = preSolution
		HideSolutionNode = FALSE
	EndGlobalSection
EndGlobal
