
Microsoft Visual Studio Solution File, Format Version 9.00
# Visual Studio 2005
Project("{8BC9CEB8-8B4A-11D0-8D11-00A0C91BC942}") = "HttpEngine", "HttpEngine.vcproj", "{A50A81E9-6DDF-46C1-A50A-5B9D3CA67ECB}"
	ProjectSection(ProjectDependencies) = postProject
		{C0DEE18A-189A-444C-99E2-BCF2FE865792} = {C0DEE18A-189A-444C-99E2-BCF2FE865792}
	EndProjectSection
EndProject
Project("{8BC9CEB8-8B4A-11D0-8D11-00A0C91BC942}") = "ZQCommonStlp", "..\dll\ZQCommonStlp.vcproj", "{C0DEE18A-189A-444C-99E2-BCF2FE865792}"
EndProject
Project("{8BC9CEB8-8B4A-11D0-8D11-00A0C91BC942}") = "CRM_Sample", "Samples\CRM_Sample\CRM_Sample.vcproj", "{CAAC4CF4-1090-4849-9D69-550748898CB4}"
	ProjectSection(ProjectDependencies) = postProject
		{C0DEE18A-189A-444C-99E2-BCF2FE865792} = {C0DEE18A-189A-444C-99E2-BCF2FE865792}
		{A50A81E9-6DDF-46C1-A50A-5B9D3CA67ECB} = {A50A81E9-6DDF-46C1-A50A-5B9D3CA67ECB}
	EndProjectSection
EndProject
Project("{8BC9CEB8-8B4A-11D0-8D11-00A0C91BC942}") = "WebServer", "Samples\WebServer\WebServer.vcproj", "{646B3FEF-3249-40F9-B629-047B3462D122}"
	ProjectSection(ProjectDependencies) = postProject
		{C0DEE18A-189A-444C-99E2-BCF2FE865792} = {C0DEE18A-189A-444C-99E2-BCF2FE865792}
		{EA4679E5-59DC-4D50-943B-F658BF2C68A4} = {EA4679E5-59DC-4D50-943B-F658BF2C68A4}
		{A50A81E9-6DDF-46C1-A50A-5B9D3CA67ECB} = {A50A81E9-6DDF-46C1-A50A-5B9D3CA67ECB}
	EndProjectSection
EndProject
Project("{8BC9CEB8-8B4A-11D0-8D11-00A0C91BC942}") = "DataPostHouse", "..\DataPostHouse\DataPostHouse.vcproj", "{EA4679E5-59DC-4D50-943B-F658BF2C68A4}"
EndProject
Project("{8BC9CEB8-8B4A-11D0-8D11-00A0C91BC942}") = "CRGServer", "Samples\CRGServer\CRGServer.vcproj", "{44273064-32BB-4C90-9A4A-FA605CEBF753}"
	ProjectSection(ProjectDependencies) = postProject
		{C0DEE18A-189A-444C-99E2-BCF2FE865792} = {C0DEE18A-189A-444C-99E2-BCF2FE865792}
		{EA4679E5-59DC-4D50-943B-F658BF2C68A4} = {EA4679E5-59DC-4D50-943B-F658BF2C68A4}
		{A50A81E9-6DDF-46C1-A50A-5B9D3CA67ECB} = {A50A81E9-6DDF-46C1-A50A-5B9D3CA67ECB}
	EndProjectSection
EndProject
Global
	GlobalSection(SolutionConfigurationPlatforms) = preSolution
		Debug|Win32 = Debug|Win32
		Debug|x64 = Debug|x64
		Release|Win32 = Release|Win32
		Release|x64 = Release|x64
	EndGlobalSection
	GlobalSection(ProjectConfigurationPlatforms) = postSolution
		{A50A81E9-6DDF-46C1-A50A-5B9D3CA67ECB}.Debug|Win32.ActiveCfg = Debug|Win32
		{A50A81E9-6DDF-46C1-A50A-5B9D3CA67ECB}.Debug|Win32.Build.0 = Debug|Win32
		{A50A81E9-6DDF-46C1-A50A-5B9D3CA67ECB}.Debug|x64.ActiveCfg = Debug|Win32
		{A50A81E9-6DDF-46C1-A50A-5B9D3CA67ECB}.Release|Win32.ActiveCfg = Release|Win32
		{A50A81E9-6DDF-46C1-A50A-5B9D3CA67ECB}.Release|Win32.Build.0 = Release|Win32
		{A50A81E9-6DDF-46C1-A50A-5B9D3CA67ECB}.Release|x64.ActiveCfg = Release|Win32
		{C0DEE18A-189A-444C-99E2-BCF2FE865792}.Debug|Win32.ActiveCfg = Debug|Win32
		{C0DEE18A-189A-444C-99E2-BCF2FE865792}.Debug|Win32.Build.0 = Debug|Win32
		{C0DEE18A-189A-444C-99E2-BCF2FE865792}.Debug|x64.ActiveCfg = Debug|x64
		{C0DEE18A-189A-444C-99E2-BCF2FE865792}.Debug|x64.Build.0 = Debug|x64
		{C0DEE18A-189A-444C-99E2-BCF2FE865792}.Release|Win32.ActiveCfg = Release|Win32
		{C0DEE18A-189A-444C-99E2-BCF2FE865792}.Release|Win32.Build.0 = Release|Win32
		{C0DEE18A-189A-444C-99E2-BCF2FE865792}.Release|x64.ActiveCfg = Release|x64
		{C0DEE18A-189A-444C-99E2-BCF2FE865792}.Release|x64.Build.0 = Release|x64
		{CAAC4CF4-1090-4849-9D69-550748898CB4}.Debug|Win32.ActiveCfg = Debug|Win32
		{CAAC4CF4-1090-4849-9D69-550748898CB4}.Debug|Win32.Build.0 = Debug|Win32
		{CAAC4CF4-1090-4849-9D69-550748898CB4}.Debug|x64.ActiveCfg = Debug|Win32
		{CAAC4CF4-1090-4849-9D69-550748898CB4}.Release|Win32.ActiveCfg = Release|Win32
		{CAAC4CF4-1090-4849-9D69-550748898CB4}.Release|Win32.Build.0 = Release|Win32
		{CAAC4CF4-1090-4849-9D69-550748898CB4}.Release|x64.ActiveCfg = Release|Win32
		{646B3FEF-3249-40F9-B629-047B3462D122}.Debug|Win32.ActiveCfg = Debug|Win32
		{646B3FEF-3249-40F9-B629-047B3462D122}.Debug|Win32.Build.0 = Debug|Win32
		{646B3FEF-3249-40F9-B629-047B3462D122}.Debug|x64.ActiveCfg = Debug|Win32
		{646B3FEF-3249-40F9-B629-047B3462D122}.Release|Win32.ActiveCfg = Release|Win32
		{646B3FEF-3249-40F9-B629-047B3462D122}.Release|Win32.Build.0 = Release|Win32
		{646B3FEF-3249-40F9-B629-047B3462D122}.Release|x64.ActiveCfg = Release|Win32
		{EA4679E5-59DC-4D50-943B-F658BF2C68A4}.Debug|Win32.ActiveCfg = Debug|Win32
		{EA4679E5-59DC-4D50-943B-F658BF2C68A4}.Debug|Win32.Build.0 = Debug|Win32
		{EA4679E5-59DC-4D50-943B-F658BF2C68A4}.Debug|x64.ActiveCfg = Debug|Win32
		{EA4679E5-59DC-4D50-943B-F658BF2C68A4}.Release|Win32.ActiveCfg = Release|Win32
		{EA4679E5-59DC-4D50-943B-F658BF2C68A4}.Release|Win32.Build.0 = Release|Win32
		{EA4679E5-59DC-4D50-943B-F658BF2C68A4}.Release|x64.ActiveCfg = Release|Win32
		{44273064-32BB-4C90-9A4A-FA605CEBF753}.Debug|Win32.ActiveCfg = Debug|Win32
		{44273064-32BB-4C90-9A4A-FA605CEBF753}.Debug|Win32.Build.0 = Debug|Win32
		{44273064-32BB-4C90-9A4A-FA605CEBF753}.Debug|x64.ActiveCfg = Debug|Win32
		{44273064-32BB-4C90-9A4A-FA605CEBF753}.Release|Win32.ActiveCfg = Release|Win32
		{44273064-32BB-4C90-9A4A-FA605CEBF753}.Release|Win32.Build.0 = Release|Win32
		{44273064-32BB-4C90-9A4A-FA605CEBF753}.Release|x64.ActiveCfg = Release|Win32
	EndGlobalSection
	GlobalSection(SolutionProperties) = preSolution
		HideSolutionNode = FALSE
	EndGlobalSection
EndGlobal
